
Microsoft Visual Studio Solution File, Format Version 12.00
# Visual Studio Version 16
VisualStudioVersion = 16.0.29503.13
MinimumVisualStudioVersion = 10.0.40219.1
Project("{FAE04EC0-301F-11D3-BF4B-00C04F79EFBC}") = "Events", "Events\Events.csproj", "{8284E3DB-53BF-4CEB-9065-149D30957645}"
EndProject
Global
	GlobalSection(SolutionConfigurationPlatforms) = preSolution
		Debug|x86 = Debug|x86
		Release|x86 = Release|x86
	EndGlobalSection
	GlobalSection(ProjectConfigurationPlatforms) = postSolution
		{8284E3DB-53BF-4CEB-9065-149D30957645}.Debug|x86.ActiveCfg = Debug|x86
		{8284E3DB-53BF-4CEB-9065-149D30957645}.Debug|x86.Build.0 = Debug|x86
		{8284E3DB-53BF-4CEB-9065-149D30957645}.Release|x86.ActiveCfg = Release|x86
		{8284E3DB-53BF-4CEB-9065-149D30957645}.Release|x86.Build.0 = Release|x86
	EndGlobalSection
	GlobalSection(SolutionProperties) = preSolution
		HideSolutionNode = FALSE
	EndGlobalSection
	GlobalSection(ExtensibilityGlobals) = postSolution
		SolutionGuid = {BC06B705-B841-414B-877D-0E18610D2F89}
	EndGlobalSection
EndGlobal
